// !$*UTF8*$!
{
	archiveVersion = 1;
	classes = {
	};
	objectVersion = 56;
	objects = {

/* Begin PBXBuildFile section */
		6801C2DF28D0D27F007BC38E /* FavoriteButton.swift in Sources */ = {isa = PBXBuildFile; fileRef = 6801C2DE28D0D27F007BC38E /* FavoriteButton.swift */; };
		6801C2E328D15054007BC38E /* HexagonParameters.swift in Sources */ = {isa = PBXBuildFile; fileRef = 6801C2E228D15054007BC38E /* HexagonParameters.swift */; };
		6801C2E528D156DB007BC38E /* BadgeBackground.swift in Sources */ = {isa = PBXBuildFile; fileRef = 6801C2E428D156DB007BC38E /* BadgeBackground.swift */; };
		6801C2E728D15AD2007BC38E /* BadgeSymbol.swift in Sources */ = {isa = PBXBuildFile; fileRef = 6801C2E628D15AD2007BC38E /* BadgeSymbol.swift */; };
		6801C2E928D15BEB007BC38E /* RotatedBadgeSymbol.swift in Sources */ = {isa = PBXBuildFile; fileRef = 6801C2E828D15BEB007BC38E /* RotatedBadgeSymbol.swift */; };
		6801C2EB28D15C8C007BC38E /* Badge.swift in Sources */ = {isa = PBXBuildFile; fileRef = 6801C2EA28D15C8C007BC38E /* Badge.swift */; };
		68AFD73028D080EA0073598D /* LandmarksApp.swift in Sources */ = {isa = PBXBuildFile; fileRef = 68AFD72F28D080EA0073598D /* LandmarksApp.swift */; };
		68AFD73228D080EA0073598D /* ContentView.swift in Sources */ = {isa = PBXBuildFile; fileRef = 68AFD73128D080EA0073598D /* ContentView.swift */; };
		68AFD73428D080EB0073598D /* Assets.xcassets in Resources */ = {isa = PBXBuildFile; fileRef = 68AFD73328D080EB0073598D /* Assets.xcassets */; };
		68AFD73728D080EB0073598D /* Preview Assets.xcassets in Resources */ = {isa = PBXBuildFile; fileRef = 68AFD73628D080EB0073598D /* Preview Assets.xcassets */; };
		68AFD73E28D08C760073598D /* CircleImage.swift in Sources */ = {isa = PBXBuildFile; fileRef = 68AFD73D28D08C760073598D /* CircleImage.swift */; };
		68AFD74028D08E0D0073598D /* MapView.swift in Sources */ = {isa = PBXBuildFile; fileRef = 68AFD73F28D08E0D0073598D /* MapView.swift */; };
		68AFD74228D097890073598D /* landmarkData.json in Resources */ = {isa = PBXBuildFile; fileRef = 68AFD74128D097890073598D /* landmarkData.json */; };
		68AFD74428D097B40073598D /* Landmark.swift in Sources */ = {isa = PBXBuildFile; fileRef = 68AFD74328D097B40073598D /* Landmark.swift */; };
		68AFD74628D09D1F0073598D /* ModelData.swift in Sources */ = {isa = PBXBuildFile; fileRef = 68AFD74528D09D1F0073598D /* ModelData.swift */; };
		68AFD74D28D0B12E0073598D /* LandmarkRow.swift in Sources */ = {isa = PBXBuildFile; fileRef = 68AFD74C28D0B12E0073598D /* LandmarkRow.swift */; };
		68AFD74F28D0B48F0073598D /* LandmarkList.swift in Sources */ = {isa = PBXBuildFile; fileRef = 68AFD74E28D0B48F0073598D /* LandmarkList.swift */; };
		68AFD75128D0B8540073598D /* LandmarkDetail.swift in Sources */ = {isa = PBXBuildFile; fileRef = 68AFD75028D0B8540073598D /* LandmarkDetail.swift */; };
/* End PBXBuildFile section */

/* Begin PBXFileReference section */
		6801C2DE28D0D27F007BC38E /* FavoriteButton.swift */ = {isa = PBXFileReference; lastKnownFileType = sourcecode.swift; path = FavoriteButton.swift; sourceTree = "<group>"; };
		6801C2E228D15054007BC38E /* HexagonParameters.swift */ = {isa = PBXFileReference; lastKnownFileType = sourcecode.swift; path = HexagonParameters.swift; sourceTree = "<group>"; };
		6801C2E428D156DB007BC38E /* BadgeBackground.swift */ = {isa = PBXFileReference; lastKnownFileType = sourcecode.swift; path = BadgeBackground.swift; sourceTree = "<group>"; };
		6801C2E628D15AD2007BC38E /* BadgeSymbol.swift */ = {isa = PBXFileReference; lastKnownFileType = sourcecode.swift; path = BadgeSymbol.swift; sourceTree = "<group>"; };
		6801C2E828D15BEB007BC38E /* RotatedBadgeSymbol.swift */ = {isa = PBXFileReference; lastKnownFileType = sourcecode.swift; path = RotatedBadgeSymbol.swift; sourceTree = "<group>"; };
		6801C2EA28D15C8C007BC38E /* Badge.swift */ = {isa = PBXFileReference; lastKnownFileType = sourcecode.swift; path = Badge.swift; sourceTree = "<group>"; };
		68AFD72C28D080EA0073598D /* Landmarks.app */ = {isa = PBXFileReference; explicitFileType = wrapper.application; includeInIndex = 0; path = Landmarks.app; sourceTree = BUILT_PRODUCTS_DIR; };
		68AFD72F28D080EA0073598D /* LandmarksApp.swift */ = {isa = PBXFileReference; lastKnownFileType = sourcecode.swift; path = LandmarksApp.swift; sourceTree = "<group>"; };
		68AFD73128D080EA0073598D /* ContentView.swift */ = {isa = PBXFileReference; lastKnownFileType = sourcecode.swift; path = ContentView.swift; sourceTree = "<group>"; };
		68AFD73328D080EB0073598D /* Assets.xcassets */ = {isa = PBXFileReference; lastKnownFileType = folder.assetcatalog; path = Assets.xcassets; sourceTree = "<group>"; };
		68AFD73628D080EB0073598D /* Preview Assets.xcassets */ = {isa = PBXFileReference; lastKnownFileType = folder.assetcatalog; path = "Preview Assets.xcassets"; sourceTree = "<group>"; };
		68AFD73D28D08C760073598D /* CircleImage.swift */ = {isa = PBXFileReference; lastKnownFileType = sourcecode.swift; path = CircleImage.swift; sourceTree = "<group>"; };
		68AFD73F28D08E0D0073598D /* MapView.swift */ = {isa = PBXFileReference; lastKnownFileType = sourcecode.swift; path = MapView.swift; sourceTree = "<group>"; };
		68AFD74128D097890073598D /* landmarkData.json */ = {isa = PBXFileReference; fileEncoding = 4; lastKnownFileType = text.json; path = landmarkData.json; sourceTree = "<group>"; };
		68AFD74328D097B40073598D /* Landmark.swift */ = {isa = PBXFileReference; lastKnownFileType = sourcecode.swift; path = Landmark.swift; sourceTree = "<group>"; };
		68AFD74528D09D1F0073598D /* ModelData.swift */ = {isa = PBXFileReference; lastKnownFileType = sourcecode.swift; path = ModelData.swift; sourceTree = "<group>"; };
		68AFD74C28D0B12E0073598D /* LandmarkRow.swift */ = {isa = PBXFileReference; lastKnownFileType = sourcecode.swift; path = LandmarkRow.swift; sourceTree = "<group>"; };
		68AFD74E28D0B48F0073598D /* LandmarkList.swift */ = {isa = PBXFileReference; lastKnownFileType = sourcecode.swift; path = LandmarkList.swift; sourceTree = "<group>"; };
		68AFD75028D0B8540073598D /* LandmarkDetail.swift */ = {isa = PBXFileReference; lastKnownFileType = sourcecode.swift; path = LandmarkDetail.swift; sourceTree = "<group>"; };
/* End PBXFileReference section */

/* Begin PBXFrameworksBuildPhase section */
		68AFD72928D080EA0073598D /* Frameworks */ = {
			isa = PBXFrameworksBuildPhase;
			buildActionMask = 2147483647;
			files = (
			);
			runOnlyForDeploymentPostprocessing = 0;
		};
/* End PBXFrameworksBuildPhase section */

/* Begin PBXGroup section */
		6801C2E028D0D340007BC38E /* Landmarks */ = {
			isa = PBXGroup;
			children = (
				68AFD74C28D0B12E0073598D /* LandmarkRow.swift */,
				68AFD74E28D0B48F0073598D /* LandmarkList.swift */,
				68AFD75028D0B8540073598D /* LandmarkDetail.swift */,
			);
			path = Landmarks;
			sourceTree = "<group>";
		};
		6801C2E128D0D34F007BC38E /* Helpers */ = {
			isa = PBXGroup;
			children = (
				68AFD73D28D08C760073598D /* CircleImage.swift */,
				68AFD73F28D08E0D0073598D /* MapView.swift */,
				6801C2DE28D0D27F007BC38E /* FavoriteButton.swift */,
			);
			path = Helpers;
			sourceTree = "<group>";
		};
		6801C2EC28D15DFE007BC38E /* Badges */ = {
			isa = PBXGroup;
			children = (
				6801C2E228D15054007BC38E /* HexagonParameters.swift */,
				6801C2E428D156DB007BC38E /* BadgeBackground.swift */,
				6801C2E628D15AD2007BC38E /* BadgeSymbol.swift */,
				6801C2EA28D15C8C007BC38E /* Badge.swift */,
				6801C2E828D15BEB007BC38E /* RotatedBadgeSymbol.swift */,
			);
			path = Badges;
			sourceTree = "<group>";
		};
		68AFD72328D080EA0073598D = {
			isa = PBXGroup;
			children = (
				68AFD72E28D080EA0073598D /* Landmarks */,
				68AFD72D28D080EA0073598D /* Products */,
			);
			sourceTree = "<group>";
		};
		68AFD72D28D080EA0073598D /* Products */ = {
			isa = PBXGroup;
			children = (
				68AFD72C28D080EA0073598D /* Landmarks.app */,
			);
			name = Products;
			sourceTree = "<group>";
		};
		68AFD72E28D080EA0073598D /* Landmarks */ = {
			isa = PBXGroup;
			children = (
				68AFD72F28D080EA0073598D /* LandmarksApp.swift */,
				68AFD74728D0AFBC0073598D /* Views */,
				68AFD74928D0AFE50073598D /* Model */,
				68AFD74828D0AFD20073598D /* Resources */,
				68AFD73328D080EB0073598D /* Assets.xcassets */,
				68AFD73528D080EB0073598D /* Preview Content */,
			);
			path = Landmarks;
			sourceTree = "<group>";
		};
		68AFD73528D080EB0073598D /* Preview Content */ = {
			isa = PBXGroup;
			children = (
				68AFD73628D080EB0073598D /* Preview Assets.xcassets */,
			);
			path = "Preview Content";
			sourceTree = "<group>";
		};
		68AFD74728D0AFBC0073598D /* Views */ = {
			isa = PBXGroup;
			children = (
				68AFD73128D080EA0073598D /* ContentView.swift */,
				6801C2E128D0D34F007BC38E /* Helpers */,
				6801C2E028D0D340007BC38E /* Landmarks */,
				6801C2EC28D15DFE007BC38E /* Badges */,
			);
			path = Views;
			sourceTree = "<group>";
		};
		68AFD74828D0AFD20073598D /* Resources */ = {
			isa = PBXGroup;
			children = (
				68AFD74128D097890073598D /* landmarkData.json */,
			);
			path = Resources;
			sourceTree = "<group>";
		};
		68AFD74928D0AFE50073598D /* Model */ = {
			isa = PBXGroup;
			children = (
				68AFD74328D097B40073598D /* Landmark.swift */,
				68AFD74528D09D1F0073598D /* ModelData.swift */,
			);
			path = Model;
			sourceTree = "<group>";
		};
/* End PBXGroup section */

/* Begin PBXNativeTarget section */
		68AFD72B28D080EA0073598D /* Landmarks */ = {
			isa = PBXNativeTarget;
			buildConfigurationList = 68AFD73A28D080EB0073598D /* Build configuration list for PBXNativeTarget "Landmarks" */;
			buildPhases = (
				68AFD72828D080EA0073598D /* Sources */,
				68AFD72928D080EA0073598D /* Frameworks */,
				68AFD72A28D080EA0073598D /* Resources */,
			);
			buildRules = (
			);
			dependencies = (
			);
			name = Landmarks;
			productName = Landmarks;
			productReference = 68AFD72C28D080EA0073598D /* Landmarks.app */;
			productType = "com.apple.product-type.application";
		};
/* End PBXNativeTarget section */

/* Begin PBXProject section */
		68AFD72428D080EA0073598D /* Project object */ = {
			isa = PBXProject;
			attributes = {
				BuildIndependentTargetsInParallel = 1;
				LastSwiftUpdateCheck = 1400;
				LastUpgradeCheck = 1400;
				TargetAttributes = {
					68AFD72B28D080EA0073598D = {
						CreatedOnToolsVersion = 14.0;
					};
				};
			};
			buildConfigurationList = 68AFD72728D080EA0073598D /* Build configuration list for PBXProject "Landmarks" */;
			compatibilityVersion = "Xcode 14.0";
			developmentRegion = en;
			hasScannedForEncodings = 0;
			knownRegions = (
				en,
				Base,
			);
			mainGroup = 68AFD72328D080EA0073598D;
			productRefGroup = 68AFD72D28D080EA0073598D /* Products */;
			projectDirPath = "";
			projectRoot = "";
			targets = (
				68AFD72B28D080EA0073598D /* Landmarks */,
			);
		};
/* End PBXProject section */

/* Begin PBXResourcesBuildPhase section */
		68AFD72A28D080EA0073598D /* Resources */ = {
			isa = PBXResourcesBuildPhase;
			buildActionMask = 2147483647;
			files = (
				68AFD73728D080EB0073598D /* Preview Assets.xcassets in Resources */,
				68AFD73428D080EB0073598D /* Assets.xcassets in Resources */,
				68AFD74228D097890073598D /* landmarkData.json in Resources */,
			);
			runOnlyForDeploymentPostprocessing = 0;
		};
/* End PBXResourcesBuildPhase section */

/* Begin PBXSourcesBuildPhase section */
		68AFD72828D080EA0073598D /* Sources */ = {
			isa = PBXSourcesBuildPhase;
			buildActionMask = 2147483647;
			files = (
				68AFD73228D080EA0073598D /* ContentView.swift in Sources */,
				6801C2EB28D15C8C007BC38E /* Badge.swift in Sources */,
				68AFD74028D08E0D0073598D /* MapView.swift in Sources */,
				68AFD73028D080EA0073598D /* LandmarksApp.swift in Sources */,
				6801C2DF28D0D27F007BC38E /* FavoriteButton.swift in Sources */,
				6801C2E328D15054007BC38E /* HexagonParameters.swift in Sources */,
				6801C2E928D15BEB007BC38E /* RotatedBadgeSymbol.swift in Sources */,
				6801C2E728D15AD2007BC38E /* BadgeSymbol.swift in Sources */,
				68AFD74F28D0B48F0073598D /* LandmarkList.swift in Sources */,
				68AFD75128D0B8540073598D /* LandmarkDetail.swift in Sources */,
				6801C2E528D156DB007BC38E /* BadgeBackground.swift in Sources */,
				68AFD73E28D08C760073598D /* CircleImage.swift in Sources */,
				68AFD74428D097B40073598D /* Landmark.swift in Sources */,
				68AFD74D28D0B12E0073598D /* LandmarkRow.swift in Sources */,
				68AFD74628D09D1F0073598D /* ModelData.swift in Sources */,
			);
			runOnlyForDeploymentPostprocessing = 0;
		};
/* End PBXSourcesBuildPhase section */

/* Begin XCBuildConfiguration section */
		68AFD73828D080EB0073598D /* Debug */ = {
			isa = XCBuildConfiguration;
			buildSettings = {
				ALWAYS_SEARCH_USER_PATHS = NO;
				CLANG_ANALYZER_NONNULL = YES;
				CLANG_ANALYZER_NUMBER_OBJECT_CONVERSION = YES_AGGRESSIVE;
				CLANG_CXX_LANGUAGE_STANDARD = "gnu++20";
				CLANG_ENABLE_MODULES = YES;
				CLANG_ENABLE_OBJC_ARC = YES;
				CLANG_ENABLE_OBJC_WEAK = YES;
				CLANG_WARN_BLOCK_CAPTURE_AUTORELEASING = YES;
				CLANG_WARN_BOOL_CONVERSION = YES;
				CLANG_WARN_COMMA = YES;
				CLANG_WARN_CONSTANT_CONVERSION = YES;
				CLANG_WARN_DEPRECATED_OBJC_IMPLEMENTATIONS = YES;
				CLANG_WARN_DIRECT_OBJC_ISA_USAGE = YES_ERROR;
				CLANG_WARN_DOCUMENTATION_COMMENTS = YES;
				CLANG_WARN_EMPTY_BODY = YES;
				CLANG_WARN_ENUM_CONVERSION = YES;
				CLANG_WARN_INFINITE_RECURSION = YES;
				CLANG_WARN_INT_CONVERSION = YES;
				CLANG_WARN_NON_LITERAL_NULL_CONVERSION = YES;
				CLANG_WARN_OBJC_IMPLICIT_RETAIN_SELF = YES;
				CLANG_WARN_OBJC_LITERAL_CONVERSION = YES;
				CLANG_WARN_OBJC_ROOT_CLASS = YES_ERROR;
				CLANG_WARN_QUOTED_INCLUDE_IN_FRAMEWORK_HEADER = YES;
				CLANG_WARN_RANGE_LOOP_ANALYSIS = YES;
				CLANG_WARN_STRICT_PROTOTYPES = YES;
				CLANG_WARN_SUSPICIOUS_MOVE = YES;
				CLANG_WARN_UNGUARDED_AVAILABILITY = YES_AGGRESSIVE;
				CLANG_WARN_UNREACHABLE_CODE = YES;
				CLANG_WARN__DUPLICATE_METHOD_MATCH = YES;
				COPY_PHASE_STRIP = NO;
				DEBUG_INFORMATION_FORMAT = dwarf;
				ENABLE_STRICT_OBJC_MSGSEND = YES;
				ENABLE_TESTABILITY = YES;
				GCC_C_LANGUAGE_STANDARD = gnu11;
				GCC_DYNAMIC_NO_PIC = NO;
				GCC_NO_COMMON_BLOCKS = YES;
				GCC_OPTIMIZATION_LEVEL = 0;
				GCC_PREPROCESSOR_DEFINITIONS = (
					"DEBUG=1",
					"$(inherited)",
				);
				GCC_WARN_64_TO_32_BIT_CONVERSION = YES;
				GCC_WARN_ABOUT_RETURN_TYPE = YES_ERROR;
				GCC_WARN_UNDECLARED_SELECTOR = YES;
				GCC_WARN_UNINITIALIZED_AUTOS = YES_AGGRESSIVE;
				GCC_WARN_UNUSED_FUNCTION = YES;
				GCC_WARN_UNUSED_VARIABLE = YES;
				IPHONEOS_DEPLOYMENT_TARGET = 16.0;
				MTL_ENABLE_DEBUG_INFO = INCLUDE_SOURCE;
				MTL_FAST_MATH = YES;
				ONLY_ACTIVE_ARCH = YES;
				SDKROOT = iphoneos;
				SWIFT_ACTIVE_COMPILATION_CONDITIONS = DEBUG;
				SWIFT_OPTIMIZATION_LEVEL = "-Onone";
			};
			name = Debug;
		};
		68AFD73928D080EB0073598D /* Release */ = {
			isa = XCBuildConfiguration;
			buildSettings = {
				ALWAYS_SEARCH_USER_PATHS = NO;
				CLANG_ANALYZER_NONNULL = YES;
				CLANG_ANALYZER_NUMBER_OBJECT_CONVERSION = YES_AGGRESSIVE;
				CLANG_CXX_LANGUAGE_STANDARD = "gnu++20";
				CLANG_ENABLE_MODULES = YES;
				CLANG_ENABLE_OBJC_ARC = YES;
				CLANG_ENABLE_OBJC_WEAK = YES;
				CLANG_WARN_BLOCK_CAPTURE_AUTORELEASING = YES;
				CLANG_WARN_BOOL_CONVERSION = YES;
				CLANG_WARN_COMMA = YES;
				CLANG_WARN_CONSTANT_CONVERSION = YES;
				CLANG_WARN_DEPRECATED_OBJC_IMPLEMENTATIONS = YES;
				CLANG_WARN_DIRECT_OBJC_ISA_USAGE = YES_ERROR;
				CLANG_WARN_DOCUMENTATION_COMMENTS = YES;
				CLANG_WARN_EMPTY_BODY = YES;
				CLANG_WARN_ENUM_CONVERSION = YES;
				CLANG_WARN_INFINITE_RECURSION = YES;
				CLANG_WARN_INT_CONVERSION = YES;
				CLANG_WARN_NON_LITERAL_NULL_CONVERSION = YES;
				CLANG_WARN_OBJC_IMPLICIT_RETAIN_SELF = YES;
				CLANG_WARN_OBJC_LITERAL_CONVERSION = YES;
				CLANG_WARN_OBJC_ROOT_CLASS = YES_ERROR;
				CLANG_WARN_QUOTED_INCLUDE_IN_FRAMEWORK_HEADER = YES;
				CLANG_WARN_RANGE_LOOP_ANALYSIS = YES;
				CLANG_WARN_STRICT_PROTOTYPES = YES;
				CLANG_WARN_SUSPICIOUS_MOVE = YES;
				CLANG_WARN_UNGUARDED_AVAILABILITY = YES_AGGRESSIVE;
				CLANG_WARN_UNREACHABLE_CODE = YES;
				CLANG_WARN__DUPLICATE_METHOD_MATCH = YES;
				COPY_PHASE_STRIP = NO;
				DEBUG_INFORMATION_FORMAT = "dwarf-with-dsym";
				ENABLE_NS_ASSERTIONS = NO;
				ENABLE_STRICT_OBJC_MSGSEND = YES;
				GCC_C_LANGUAGE_STANDARD = gnu11;
				GCC_NO_COMMON_BLOCKS = YES;
				GCC_WARN_64_TO_32_BIT_CONVERSION = YES;
				GCC_WARN_ABOUT_RETURN_TYPE = YES_ERROR;
				GCC_WARN_UNDECLARED_SELECTOR = YES;
				GCC_WARN_UNINITIALIZED_AUTOS = YES_AGGRESSIVE;
				GCC_WARN_UNUSED_FUNCTION = YES;
				GCC_WARN_UNUSED_VARIABLE = YES;
				IPHONEOS_DEPLOYMENT_TARGET = 16.0;
				MTL_ENABLE_DEBUG_INFO = NO;
				MTL_FAST_MATH = YES;
				SDKROOT = iphoneos;
				SWIFT_COMPILATION_MODE = wholemodule;
				SWIFT_OPTIMIZATION_LEVEL = "-O";
				VALIDATE_PRODUCT = YES;
			};
			name = Release;
		};
		68AFD73B28D080EB0073598D /* Debug */ = {
			isa = XCBuildConfiguration;
			buildSettings = {
				ASSETCATALOG_COMPILER_APPICON_NAME = AppIcon;
				ASSETCATALOG_COMPILER_GLOBAL_ACCENT_COLOR_NAME = AccentColor;
				CODE_SIGN_STYLE = Automatic;
				CURRENT_PROJECT_VERSION = 1;
				DEVELOPMENT_ASSET_PATHS = "\"Landmarks/Preview Content\"";
				DEVELOPMENT_TEAM = 39CM546LFY;
				ENABLE_PREVIEWS = YES;
				GENERATE_INFOPLIST_FILE = YES;
				INFOPLIST_KEY_UIApplicationSceneManifest_Generation = YES;
				INFOPLIST_KEY_UIApplicationSupportsIndirectInputEvents = YES;
				INFOPLIST_KEY_UILaunchScreen_Generation = YES;
				INFOPLIST_KEY_UISupportedInterfaceOrientations_iPad = "UIInterfaceOrientationPortrait UIInterfaceOrientationPortraitUpsideDown UIInterfaceOrientationLandscapeLeft UIInterfaceOrientationLandscapeRight";
				INFOPLIST_KEY_UISupportedInterfaceOrientations_iPhone = "UIInterfaceOrientationPortrait UIInterfaceOrientationLandscapeLeft UIInterfaceOrientationLandscapeRight";
				LD_RUNPATH_SEARCH_PATHS = (
					"$(inherited)",
					"@executable_path/Frameworks",
				);
				MARKETING_VERSION = 1.0;
				PRODUCT_BUNDLE_IDENTIFIER = com.project.Landmarks;
				PRODUCT_NAME = "$(TARGET_NAME)";
				SWIFT_EMIT_LOC_STRINGS = YES;
				SWIFT_VERSION = 5.0;
				TARGETED_DEVICE_FAMILY = "1,2";
			};
			name = Debug;
		};
		68AFD73C28D080EB0073598D /* Release */ = {
			isa = XCBuildConfiguration;
			buildSettings = {
				ASSETCATALOG_COMPILER_APPICON_NAME = AppIcon;
				ASSETCATALOG_COMPILER_GLOBAL_ACCENT_COLOR_NAME = AccentColor;
				CODE_SIGN_STYLE = Automatic;
				CURRENT_PROJECT_VERSION = 1;
				DEVELOPMENT_ASSET_PATHS = "\"Landmarks/Preview Content\"";
				DEVELOPMENT_TEAM = 39CM546LFY;
				ENABLE_PREVIEWS = YES;
				GENERATE_INFOPLIST_FILE = YES;
				INFOPLIST_KEY_UIApplicationSceneManifest_Generation = YES;
				INFOPLIST_KEY_UIApplicationSupportsIndirectInputEvents = YES;
				INFOPLIST_KEY_UILaunchScreen_Generation = YES;
				INFOPLIST_KEY_UISupportedInterfaceOrientations_iPad = "UIInterfaceOrientationPortrait UIInterfaceOrientationPortraitUpsideDown UIInterfaceOrientationLandscapeLeft UIInterfaceOrientationLandscapeRight";
				INFOPLIST_KEY_UISupportedInterfaceOrientations_iPhone = "UIInterfaceOrientationPortrait UIInterfaceOrientationLandscapeLeft UIInterfaceOrientationLandscapeRight";
				LD_RUNPATH_SEARCH_PATHS = (
					"$(inherited)",
					"@executable_path/Frameworks",
				);
				MARKETING_VERSION = 1.0;
				PRODUCT_BUNDLE_IDENTIFIER = com.project.Landmarks;
				PRODUCT_NAME = "$(TARGET_NAME)";
				SWIFT_EMIT_LOC_STRINGS = YES;
				SWIFT_VERSION = 5.0;
				TARGETED_DEVICE_FAMILY = "1,2";
			};
			name = Release;
		};
/* End XCBuildConfiguration section */

/* Begin XCConfigurationList section */
		68AFD72728D080EA0073598D /* Build configuration list for PBXProject "Landmarks" */ = {
			isa = XCConfigurationList;
			buildConfigurations = (
				68AFD73828D080EB0073598D /* Debug */,
				68AFD73928D080EB0073598D /* Release */,
			);
			defaultConfigurationIsVisible = 0;
			defaultConfigurationName = Release;
		};
		68AFD73A28D080EB0073598D /* Build configuration list for PBXNativeTarget "Landmarks" */ = {
			isa = XCConfigurationList;
			buildConfigurations = (
				68AFD73B28D080EB0073598D /* Debug */,
				68AFD73C28D080EB0073598D /* Release */,
			);
			defaultConfigurationIsVisible = 0;
			defaultConfigurationName = Release;
		};
/* End XCConfigurationList section */
	};
	rootObject = 68AFD72428D080EA0073598D /* Project object */;
}
